{
	"name": "synapse-ws-serv",
	"version": "0.0.3",
	"lockfileVersion": 1,
	"requires": true,
	"dependencies": {
		"@types/node": {
			"version": "13.13.15",
			"resolved": "https://registry.npmjs.org/@types/node/-/node-13.13.15.tgz",
			"integrity": "sha512-kwbcs0jySLxzLsa2nWUAGOd/s21WU1jebrEdtzhsj1D4Yps1EOuyI1Qcu+FD56dL7NRNIJtDDjcqIG22NwkgLw==",
			"dev": true
		},
		"agent-base": {
			"version": "4.3.0",
			"resolved": "https://registry.npmjs.org/agent-base/-/agent-base-4.3.0.tgz",
			"integrity": "sha512-salcGninV0nPrwpGNn4VTXBb1SOuXQBiqbrNXoeizJsHrsL6ERFM2Ne3JUSBWRE6aeNJI2ROP/WEEIDUiDe3cg==",
			"dev": true,
			"requires": {
				"es6-promisify": "^5.0.0"
			}
		},
		"balanced-match": {
			"version": "1.0.0",
			"resolved": "https://registry.npmjs.org/balanced-match/-/balanced-match-1.0.0.tgz",
			"integrity": "sha1-ibTRmasr7kneFk6gK4nORi1xt2c=",
			"dev": true
		},
		"brace-expansion": {
			"version": "1.1.11",
			"resolved": "https://registry.npmjs.org/brace-expansion/-/brace-expansion-1.1.11.tgz",
			"integrity": "sha512-iCuPHDFgrHX7H2vEI/5xpz07zSHB00TpugqhmYtVmMO6518mCuRMoOYFldEBl0g187ufozdaHgWKcYFb61qGiA==",
			"dev": true,
			"requires": {
				"balanced-match": "^1.0.0",
				"concat-map": "0.0.1"
			}
		},
		"concat-map": {
			"version": "0.0.1",
			"resolved": "https://registry.npmjs.org/concat-map/-/concat-map-0.0.1.tgz",
			"integrity": "sha1-2Klr13/Wjfd5OnMDajug1UBdR3s=",
			"dev": true
		},
		"d": {
			"version": "1.0.1",
			"resolved": "https://registry.npmjs.org/d/-/d-1.0.1.tgz",
			"integrity": "sha512-m62ShEObQ39CfralilEQRjH6oAMtNCV1xJyEx5LpRYUVN+EviphDgUc/F3hnYbADmkiNs67Y+3ylmlG7Lnu+FA==",
			"requires": {
				"es5-ext": "^0.10.50",
				"type": "^1.0.1"
			}
		},
		"es5-ext": {
			"version": "0.10.53",
			"resolved": "https://registry.npmjs.org/es5-ext/-/es5-ext-0.10.53.tgz",
			"integrity": "sha512-Xs2Stw6NiNHWypzRTY1MtaG/uJlwCk8kH81920ma8mvN8Xq1gsfhZvpkImLQArw8AHnv8MT2I45J3c0R8slE+Q==",
			"requires": {
				"es6-iterator": "~2.0.3",
				"es6-symbol": "~3.1.3",
				"next-tick": "~1.0.0"
			}
		},
		"es6-iterator": {
			"version": "2.0.3",
			"resolved": "https://registry.npmjs.org/es6-iterator/-/es6-iterator-2.0.3.tgz",
			"integrity": "sha1-p96IkUGgWpSwhUQDstCg+/qY87c=",
			"requires": {
				"d": "1",
				"es5-ext": "^0.10.35",
				"es6-symbol": "^3.1.1"
			}
		},
		"es6-promise": {
			"version": "4.2.8",
			"resolved": "https://registry.npmjs.org/es6-promise/-/es6-promise-4.2.8.tgz",
			"integrity": "sha512-HJDGx5daxeIvxdBxvG2cb9g4tEvwIk3i8+nhX0yGrYmZUzbkdg8QbDevheDB8gd0//uPj4c1EQua8Q+MViT0/w==",
			"dev": true
		},
		"es6-promisify": {
			"version": "5.0.0",
			"resolved": "https://registry.npmjs.org/es6-promisify/-/es6-promisify-5.0.0.tgz",
			"integrity": "sha1-UQnWLz5W6pZ8S2NQWu8IKRyKUgM=",
			"dev": true,
			"requires": {
				"es6-promise": "^4.0.3"
			}
		},
		"es6-symbol": {
			"version": "3.1.3",
			"resolved": "https://registry.npmjs.org/es6-symbol/-/es6-symbol-3.1.3.tgz",
			"integrity": "sha512-NJ6Yn3FuDinBaBRWl/q5X/s4koRHBrgKAu+yGI6JCBeiu3qrcbJhwT2GeR/EXVfylRk8dpQVJoLEFhK+Mu31NA==",
			"requires": {
				"d": "^1.0.1",
				"ext": "^1.1.2"
			}
		},
		"ext": {
			"version": "1.4.0",
			"resolved": "https://registry.npmjs.org/ext/-/ext-1.4.0.tgz",
			"integrity": "sha512-Key5NIsUxdqKg3vIsdw9dSuXpPCQ297y6wBjL30edxwPgt2E44WcWBZey/ZvUc6sERLTxKdyCu4gZFmUbk1Q7A==",
			"requires": {
				"type": "^2.0.0"
			},
			"dependencies": {
				"type": {
					"version": "2.0.0",
					"resolved": "https://registry.npmjs.org/type/-/type-2.0.0.tgz",
					"integrity": "sha512-KBt58xCHry4Cejnc2ISQAF7QY+ORngsWfxezO68+12hKV6lQY8P/psIkcbjeHWn7MqcgciWJyCCevFMJdIXpow=="
				}
			}
		},
		"fs.realpath": {
			"version": "1.0.0",
			"resolved": "https://registry.npmjs.org/fs.realpath/-/fs.realpath-1.0.0.tgz",
			"integrity": "sha1-FQStJSMVjKpA20onh8sBQRmU6k8=",
			"dev": true
		},
		"glob": {
			"version": "7.1.6",
			"resolved": "https://registry.npmjs.org/glob/-/glob-7.1.6.tgz",
			"integrity": "sha512-LwaxwyZ72Lk7vZINtNNrywX0ZuLyStrdDtabefZKAY5ZGJhVtgdznluResxNmPitE0SAO+O26sWTHeKSI2wMBA==",
			"dev": true,
			"requires": {
				"fs.realpath": "^1.0.0",
				"inflight": "^1.0.4",
				"inherits": "2",
				"minimatch": "^3.0.4",
				"once": "^1.3.0",
				"path-is-absolute": "^1.0.0"
			}
		},
		"http-proxy-agent": {
			"version": "2.1.0",
			"resolved": "https://registry.npmjs.org/http-proxy-agent/-/http-proxy-agent-2.1.0.tgz",
			"integrity": "sha512-qwHbBLV7WviBl0rQsOzH6o5lwyOIvwp/BdFnvVxXORldu5TmjFfjzBcWUWS5kWAZhmv+JtiDhSuQCp4sBfbIgg==",
			"dev": true,
			"requires": {
				"agent-base": "4",
				"debug": "3.1.0"
			},
			"dependencies": {
				"debug": {
					"version": "3.1.0",
					"resolved": "https://registry.npmjs.org/debug/-/debug-3.1.0.tgz",
					"integrity": "sha512-OX8XqP7/1a9cqkxYw2yXss15f26NKWBpDXQd0/uK/KPqdQhxbPa994hnzjcE2VqQpDslf55723cKPUOGSmMY3g==",
					"dev": true,
					"requires": {
						"ms": "2.0.0"
					}
				},
				"ms": {
					"version": "2.0.0",
					"resolved": "https://registry.npmjs.org/ms/-/ms-2.0.0.tgz",
					"integrity": "sha1-VgiurfwAvmwpAd9fmGF4jeDVl8g=",
					"dev": true
				}
			}
		},
		"https-proxy-agent": {
			"version": "2.2.4",
			"resolved": "https://registry.npmjs.org/https-proxy-agent/-/https-proxy-agent-2.2.4.tgz",
			"integrity": "sha512-OmvfoQ53WLjtA9HeYP9RNrWMJzzAz1JGaSFr1nijg0PVR1JaD/xbJq1mdEIIlxGpXp9eSe/O2LgU9DJmTPd0Eg==",
			"dev": true,
			"requires": {
				"agent-base": "^4.3.0",
				"debug": "^3.1.0"
			},
			"dependencies": {
				"debug": {
					"version": "3.2.6",
					"resolved": "https://registry.npmjs.org/debug/-/debug-3.2.6.tgz",
					"integrity": "sha512-mel+jf7nrtEl5Pn1Qx46zARXKDpBbvzezse7p7LqINmdoIk8PYP5SySaxEmYv6TZ0JyEKA1hsCId6DIhgITtWQ==",
					"dev": true,
					"requires": {
						"ms": "^2.1.1"
					}
				}
			}
		},
		"inflight": {
			"version": "1.0.6",
			"resolved": "https://registry.npmjs.org/inflight/-/inflight-1.0.6.tgz",
			"integrity": "sha1-Sb1jMdfQLQwJvJEKEHW6gWW1bfk=",
			"dev": true,
			"requires": {
				"once": "^1.3.0",
				"wrappy": "1"
			}
		},
		"inherits": {
			"version": "2.0.4",
			"resolved": "https://registry.npmjs.org/inherits/-/inherits-2.0.4.tgz",
			"integrity": "sha512-k/vGaX4/Yla3WzyMCvTQOXYeIHvqOKtnqBduzTHpzpQZzAskKMhZ2K+EnBiSM9zGSoIFeMpXKxa4dYeZIQqewQ==",
			"dev": true
		},
		"is-typedarray": {
			"version": "1.0.0",
			"resolved": "https://registry.npmjs.org/is-typedarray/-/is-typedarray-1.0.0.tgz",
			"integrity": "sha1-5HnICFjfDBsR3dppQPlgEfzaSpo="
		},
		"minimatch": {
			"version": "3.1.2",
			"resolved": "https://registry.npmjs.org/minimatch/-/minimatch-3.1.2.tgz",
			"integrity": "sha512-J7p63hRiAjw1NDEww1W7i37+ByIrOWO5XQQAzZ3VOcL0PNybwpfmV/N05zFAzwQ9USyEcX6t3UO+K5aqBQOIHw==",
			"dev": true,
			"requires": {
				"brace-expansion": "^1.1.7"
			}
		},
		"ms": {
			"version": "2.1.2",
			"resolved": "https://registry.npmjs.org/ms/-/ms-2.1.2.tgz",
			"integrity": "sha512-sGkPx+VjMtmA6MX27oA4FBFELFCZZ4S4XqeGOXCv68tT+jb3vk/RyaKWP0PTKyWtmLSM0b+adUTEvbs1PEaH2w==",
			"dev": true
		},
		"nan": {
			"version": "2.14.1",
			"resolved": "https://registry.npmjs.org/nan/-/nan-2.14.1.tgz",
			"integrity": "sha512-isWHgVjnFjh2x2yuJ/tj3JbwoHu3UC2dX5G/88Cm24yB6YopVgxvBObDY7n5xW6ExmFhJpSEQqFPvq9zaXc8Jw=="
		},
		"next-tick": {
			"version": "1.0.0",
			"resolved": "https://registry.npmjs.org/next-tick/-/next-tick-1.0.0.tgz",
			"integrity": "sha1-yobR/ogoFpsBICCOPchCS524NCw="
		},
		"once": {
			"version": "1.4.0",
			"resolved": "https://registry.npmjs.org/once/-/once-1.4.0.tgz",
			"integrity": "sha1-WDsap3WWHUsROsF9nFC6753Xa9E=",
			"dev": true,
			"requires": {
				"wrappy": "1"
			}
		},
		"path-is-absolute": {
			"version": "1.0.1",
			"resolved": "https://registry.npmjs.org/path-is-absolute/-/path-is-absolute-1.0.1.tgz",
			"integrity": "sha1-F0uSaHNVNP+8es5r9TpanhtcX18=",
			"dev": true
		},
		"rimraf": {
			"version": "2.6.3",
			"resolved": "https://registry.npmjs.org/rimraf/-/rimraf-2.6.3.tgz",
			"integrity": "sha512-mwqeW5XsA2qAejG46gYdENaxXjx9onRNCfn7L0duuP4hCuTIi/QO7PDK07KJfp1d+izWPrzEJDcSqBa0OZQriA==",
			"dev": true,
			"requires": {
				"glob": "^7.1.3"
			}
		},
		"type": {
			"version": "1.2.0",
			"resolved": "https://registry.npmjs.org/type/-/type-1.2.0.tgz",
			"integrity": "sha512-+5nt5AAniqsCnu2cEQQdpzCAh33kVx8n0VoFidKpB1dVVLAN/F+bgVOqOJqOnEnrhp222clB5p3vUlD+1QAnfg=="
		},
		"typedarray-to-buffer": {
			"version": "3.1.5",
			"resolved": "https://registry.npmjs.org/typedarray-to-buffer/-/typedarray-to-buffer-3.1.5.tgz",
			"integrity": "sha512-zdu8XMNEDepKKR+XYOXAVPtWui0ly0NtohUscw+UmaHiAWT8hrV1rr//H6V+0DvJ3OQ19S979M0laLfX8rm82Q==",
			"requires": {
				"is-typedarray": "^1.0.0"
			}
		},
		"typescript": {
			"version": "3.9.7",
			"resolved": "https://registry.npmjs.org/typescript/-/typescript-3.9.7.tgz",
			"integrity": "sha512-BLbiRkiBzAwsjut4x/dsibSTB6yWpwT5qWmC2OfuCg3GgVQCSgMs4vEctYPhsaGtd0AeuuHMkjZ2h2WG8MSzRw==",
			"dev": true
		},
		"vscode-test": {
			"version": "1.4.0",
			"resolved": "https://registry.npmjs.org/vscode-test/-/vscode-test-1.4.0.tgz",
			"integrity": "sha512-Jt7HNGvSE0+++Tvtq5wc4hiXLIr2OjDShz/gbAfM/mahQpy4rKBnmOK33D+MR67ATWviQhl+vpmU3p/qwSH/Pg==",
			"dev": true,
			"requires": {
				"http-proxy-agent": "^2.1.0",
				"https-proxy-agent": "^2.2.4",
				"rimraf": "^2.6.3"
			}
		},
		"websocket": {
			"version": "1.0.31",
			"resolved": "https://registry.npmjs.org/websocket/-/websocket-1.0.31.tgz",
			"integrity": "sha512-VAouplvGKPiKFDTeCCO65vYHsyay8DqoBSlzIO3fayrfOgU94lQN5a1uWVnFrMLceTJw/+fQXR5PGbUVRaHshQ==",
			"requires": {
				"debug": "^2.2.0",
				"es5-ext": "^0.10.50",
				"nan": "^2.14.0",
				"typedarray-to-buffer": "^3.1.5",
				"yaeti": "^0.0.6"
			},
			"dependencies": {
				"debug": {
					"version": "2.6.9",
					"resolved": "https://registry.npmjs.org/debug/-/debug-2.6.9.tgz",
					"integrity": "sha512-bC7ElrdJaJnPbAP+1EotYvqZsb3ecl5wi6Bfi6BJTUcNowp6cvspg0jXznRTKDjm/E7AdgFBVeAPVMNcKGsHMA==",
					"requires": {
						"ms": "2.0.0"
					}
				},
				"ms": {
					"version": "2.0.0",
					"resolved": "https://registry.npmjs.org/ms/-/ms-2.0.0.tgz",
					"integrity": "sha1-VgiurfwAvmwpAd9fmGF4jeDVl8g="
				}
			}
		},
		"wrappy": {
			"version": "1.0.2",
			"resolved": "https://registry.npmjs.org/wrappy/-/wrappy-1.0.2.tgz",
			"integrity": "sha1-tSQ9jz7BqjXxNkYFvA0QNuMKtp8=",
			"dev": true
		},
		"yaeti": {
			"version": "0.0.6",
			"resolved": "https://registry.npmjs.org/yaeti/-/yaeti-0.0.6.tgz",
			"integrity": "sha1-8m9ITXJoTPQr7ft2lwqhYI+/lXc="
		}
	}
}
